<?xml version="1.0" encoding="utf-8"?>
<Project ToolsVersion="4.0" xmlns="http://schemas.microsoft.com/developer/msbuild/2003">
  <ItemGroup>
    <Filter Include="Archivos de encabezado">
      <UniqueIdentifier>{93995380-89BD-4b04-88EB-625FBE52EBFB}</UniqueIdentifier>
      <Extensions>h;hh;hpp;hxx;hm;inl;inc;ipp;xsd</Extensions>
    </Filter>
    <Filter Include="Archivos de recursos">
      <UniqueIdentifier>{67DA6AB6-F800-4c08-8B7A-83BB121AAD01}</UniqueIdentifier>
      <Extensions>rc;ico;cur;bmp;dlg;rc2;rct;bin;rgs;gif;jpg;jpeg;jpe;resx;tiff;tif;png;wav;mfcribbon-ms</Extensions>
    </Filter>
    <Filter Include="Archivos de encabezado\Archivos de origen">
      <UniqueIdentifier>{4FC737F1-C7A5-4376-A066-2A32D752A2FF}</UniqueIdentifier>
      <Extensions>cpp;c;cc;cxx;def;odl;idl;hpj;bat;asm;asmx</Extensions>
    </Filter>
  </ItemGroup>
  <ItemGroup>
    <ClInclude Include="pch.h">
      <Filter>Archivos de encabezado</Filter>
    </ClInclude>
    <ClInclude Include="game.h">
      <Filter>Archivos de encabezado</Filter>
    </ClInclude>
    <ClInclude Include="snake.h">
      <Filter>Archivos de encabezado</Filter>
    </ClInclude>
    <ClInclude Include="enemy.h">
      <Filter>Archivos de encabezado</Filter>
    </ClInclude>
    <ClInclude Include="figura.h">
      <Filter>Archivos de encabezado</Filter>
    </ClInclude>
    <ClInclude Include="circulo.h">
      <Filter>Archivos de encabezado</Filter>
    </ClInclude>
    <ClInclude Include="rectangulo.h">
      <Filter>Archivos de encabezado</Filter>
    </ClInclude>
    <ClInclude Include="activador.h">
      <Filter>Archivos de encabezado</Filter>
    </ClInclude>
    <ClInclude Include="fuego.h">
      <Filter>Archivos de encabezado</Filter>
    </ClInclude>
    <ClInclude Include="pared.h">
      <Filter>Archivos de encabezado</Filter>
    </ClInclude>
    <ClInclude Include="selector.h">
      <Filter>Archivos de encabezado</Filter>
    </ClInclude>
    <ClInclude Include="level.h">
      <Filter>Archivos de encabezado</Filter>
    </ClInclude>
    <ClInclude Include="letrero.h">
      <Filter>Archivos de encabezado</Filter>
    </ClInclude>
    <ClInclude Include="nulo.h">
      <Filter>Archivos de encabezado</Filter>
    </ClInclude>
    <ClInclude Include="real.h">
      <Filter>Archivos de encabezado</Filter>
    </ClInclude>
    <ClInclude Include="estado.h">
      <Filter>Archivos de encabezado</Filter>
    </ClInclude>
    <ClInclude Include="estado1.h">
      <Filter>Archivos de encabezado</Filter>
    </ClInclude>
  </ItemGroup>
  <ItemGroup>
    <ClCompile Include="pch.cpp">
      <Filter>Archivos de encabezado\Archivos de origen</Filter>
    </ClCompile>
    <ClCompile Include="snakegame.cpp">
      <Filter>Archivos de encabezado\Archivos de origen</Filter>
    </ClCompile>
    <ClCompile Include="game.cpp">
      <Filter>Archivos de encabezado\Archivos de origen</Filter>
    </ClCompile>
    <ClCompile Include="snake.cpp">
      <Filter>Archivos de encabezado\Archivos de origen</Filter>
    </ClCompile>
    <ClCompile Include="enemy.cpp">
      <Filter>Archivos de encabezado\Archivos de origen</Filter>
    </ClCompile>
    <ClCompile Include="figura.cpp">
      <Filter>Archivos de encabezado\Archivos de origen</Filter>
    </ClCompile>
    <ClCompile Include="circulo.cpp">
      <Filter>Archivos de encabezado\Archivos de origen</Filter>
    </ClCompile>
    <ClCompile Include="rectangulo.cpp">
      <Filter>Archivos de encabezado\Archivos de origen</Filter>
    </ClCompile>
    <ClCompile Include="activador.cpp">
      <Filter>Archivos de encabezado\Archivos de origen</Filter>
    </ClCompile>
    <ClCompile Include="fuego.cpp">
      <Filter>Archivos de encabezado\Archivos de origen</Filter>
    </ClCompile>
    <ClCompile Include="pared.cpp">
      <Filter>Archivos de encabezado\Archivos de origen</Filter>
    </ClCompile>
    <ClCompile Include="selector.cpp">
      <Filter>Archivos de encabezado\Archivos de origen</Filter>
    </ClCompile>
    <ClCompile Include="level.cpp">
      <Filter>Archivos de encabezado\Archivos de origen</Filter>
    </ClCompile>
    <ClCompile Include="letrero.cpp">
      <Filter>Archivos de encabezado\Archivos de origen</Filter>
    </ClCompile>
    <ClCompile Include="nulo.cpp">
      <Filter>Archivos de encabezado\Archivos de origen</Filter>
    </ClCompile>
    <ClCompile Include="real.cpp">
      <Filter>Archivos de encabezado\Archivos de origen</Filter>
    </ClCompile>
    <ClCompile Include="estado.cpp">
      <Filter>Archivos de encabezado\Archivos de origen</Filter>
    </ClCompile>
    <ClCompile Include="estado1.cpp">
      <Filter>Archivos de encabezado\Archivos de origen</Filter>
    </ClCompile>
  </ItemGroup>
</Project>